
Microsoft Visual Studio Solution File, Format Version 12.00
# Visual Studio Version 17
VisualStudioVersion = 17.5.33312.197
MinimumVisualStudioVersion = 10.0.40219.1
Project("{9A19103F-16F7-4668-BE54-9A1E7A4F7556}") = "DapperAutoData", "DapperAutoData\DapperAutoData.csproj", "{EF3A59B7-7497-4A20-80BB-924F399959F4}"
EndProject
Project("{9A19103F-16F7-4668-BE54-9A1E7A4F7556}") = "TestProject1", "TestProject1\TestProject1.csproj", "{1F1DDB19-4684-4811-AE7E-1E0E34894B04}"
EndProject
Project("{FAE04EC0-301F-11D3-BF4B-00C04F79EFBC}") = "Examples", "Examples\Examples.csproj", "{179A5BCA-A181-4F0C-8DE6-15F542291E28}"
EndProject
Global
	GlobalSection(SolutionConfigurationPlatforms) = preSolution
		Debug|Any CPU = Debug|Any CPU
		Release|Any CPU = Release|Any CPU
	EndGlobalSection
	GlobalSection(ProjectConfigurationPlatforms) = postSolution
		{EF3A59B7-7497-4A20-80BB-924F399959F4}.Debug|Any CPU.ActiveCfg = Debug|Any CPU
		{EF3A59B7-7497-4A20-80BB-924F399959F4}.Debug|Any CPU.Build.0 = Debug|Any CPU
		{EF3A59B7-7497-4A20-80BB-924F399959F4}.Release|Any CPU.ActiveCfg = Release|Any CPU
		{EF3A59B7-7497-4A20-80BB-924F399959F4}.Release|Any CPU.Build.0 = Release|Any CPU
		{1F1DDB19-4684-4811-AE7E-1E0E34894B04}.Debug|Any CPU.ActiveCfg = Debug|Any CPU
		{1F1DDB19-4684-4811-AE7E-1E0E34894B04}.Debug|Any CPU.Build.0 = Debug|Any CPU
		{1F1DDB19-4684-4811-AE7E-1E0E34894B04}.Release|Any CPU.ActiveCfg = Release|Any CPU
		{1F1DDB19-4684-4811-AE7E-1E0E34894B04}.Release|Any CPU.Build.0 = Release|Any CPU
		{179A5BCA-A181-4F0C-8DE6-15F542291E28}.Debug|Any CPU.ActiveCfg = Debug|Any CPU
		{179A5BCA-A181-4F0C-8DE6-15F542291E28}.Debug|Any CPU.Build.0 = Debug|Any CPU
		{179A5BCA-A181-4F0C-8DE6-15F542291E28}.Release|Any CPU.ActiveCfg = Release|Any CPU
		{179A5BCA-A181-4F0C-8DE6-15F542291E28}.Release|Any CPU.Build.0 = Release|Any CPU
	EndGlobalSection
	GlobalSection(SolutionProperties) = preSolution
		HideSolutionNode = FALSE
	EndGlobalSection
	GlobalSection(ExtensibilityGlobals) = postSolution
		SolutionGuid = {F8F10220-00C4-44AF-97FD-490CDD73626B}
	EndGlobalSection
EndGlobal
